# THIS IS AN AUTOGENERATED FILE. DO NOT EDIT THIS FILE DIRECTLY.
# yarn lockfile v1


date-fns@^2.20.2:
  version "2.20.2"
  resolved "https://registry.yarnpkg.com/date-fns/-/date-fns-2.20.2.tgz#7f05d1275e1e43c3bdde5998201920098e19c6a1"
  integrity sha512-QS0Z8SD/ALhKFvhtU4Fhz+1crsI7fPzBquXmdWay33KJPEU7btro2hnmmErpQRmt2D624B1lbjXQKDUMLnQTmQ==
